
Microsoft Visual Studio Solution File, Format Version 12.00
# Visual Studio Version 16
VisualStudioVersion = 16.0.31025.194
MinimumVisualStudioVersion = 10.0.40219.1
Project("{9A19103F-16F7-4668-BE54-9A1E7A4F7556}") = "BookCollection.Core", "BookCollection.Core\BookCollection.Core.csproj", "{784F9937-CC0F-47E6-BD40-76C96A0C8C36}"
EndProject
Project("{9A19103F-16F7-4668-BE54-9A1E7A4F7556}") = "BookCollection.Web", "BookCollection.Web\BookCollection.Web.csproj", "{DC689DD5-EB01-4E22-B6B8-19E311B8829A}"
EndProject
Project("{FAE04EC0-301F-11D3-BF4B-00C04F79EFBC}") = "BookCollection.Tests", "BookCollection.Tests\BookCollection.Tests.csproj", "{3ECEF82C-59D7-4300-AE33-98BE68D99F47}"
EndProject
Global
	GlobalSection(SolutionConfigurationPlatforms) = preSolution
		Debug|Any CPU = Debug|Any CPU
		Release|Any CPU = Release|Any CPU
	EndGlobalSection
	GlobalSection(ProjectConfigurationPlatforms) = postSolution
		{784F9937-CC0F-47E6-BD40-76C96A0C8C36}.Debug|Any CPU.ActiveCfg = Debug|Any CPU
		{784F9937-CC0F-47E6-BD40-76C96A0C8C36}.Debug|Any CPU.Build.0 = Debug|Any CPU
		{784F9937-CC0F-47E6-BD40-76C96A0C8C36}.Release|Any CPU.ActiveCfg = Release|Any CPU
		{784F9937-CC0F-47E6-BD40-76C96A0C8C36}.Release|Any CPU.Build.0 = Release|Any CPU
		{DC689DD5-EB01-4E22-B6B8-19E311B8829A}.Debug|Any CPU.ActiveCfg = Debug|Any CPU
		{DC689DD5-EB01-4E22-B6B8-19E311B8829A}.Debug|Any CPU.Build.0 = Debug|Any CPU
		{DC689DD5-EB01-4E22-B6B8-19E311B8829A}.Release|Any CPU.ActiveCfg = Release|Any CPU
		{DC689DD5-EB01-4E22-B6B8-19E311B8829A}.Release|Any CPU.Build.0 = Release|Any CPU
		{3ECEF82C-59D7-4300-AE33-98BE68D99F47}.Debug|Any CPU.ActiveCfg = Debug|Any CPU
		{3ECEF82C-59D7-4300-AE33-98BE68D99F47}.Debug|Any CPU.Build.0 = Debug|Any CPU
		{3ECEF82C-59D7-4300-AE33-98BE68D99F47}.Release|Any CPU.ActiveCfg = Release|Any CPU
		{3ECEF82C-59D7-4300-AE33-98BE68D99F47}.Release|Any CPU.Build.0 = Release|Any CPU
	EndGlobalSection
	GlobalSection(SolutionProperties) = preSolution
		HideSolutionNode = FALSE
	EndGlobalSection
	GlobalSection(ExtensibilityGlobals) = postSolution
		SolutionGuid = {F148F6D6-CF65-40D4-A335-C6CF78866196}
	EndGlobalSection
EndGlobal
